
Microsoft Visual Studio Solution File, Format Version 12.00
# Visual Studio Version 17
VisualStudioVersion = 17.0.32126.317
MinimumVisualStudioVersion = 10.0.40219.1
Project("{FAE04EC0-301F-11D3-BF4B-00C04F79EFBC}") = "irmakuygulama-6", "irmakuygulama-6\irmakuygulama-6.csproj", "{7A33DC3C-24A9-46EA-9C91-FA3241C4F69F}"
EndProject
Global
	GlobalSection(SolutionConfigurationPlatforms) = preSolution
		Debug|Any CPU = Debug|Any CPU
		Release|Any CPU = Release|Any CPU
	EndGlobalSection
	GlobalSection(ProjectConfigurationPlatforms) = postSolution
		{7A33DC3C-24A9-46EA-9C91-FA3241C4F69F}.Debug|Any CPU.ActiveCfg = Debug|Any CPU
		{7A33DC3C-24A9-46EA-9C91-FA3241C4F69F}.Debug|Any CPU.Build.0 = Debug|Any CPU
		{7A33DC3C-24A9-46EA-9C91-FA3241C4F69F}.Release|Any CPU.ActiveCfg = Release|Any CPU
		{7A33DC3C-24A9-46EA-9C91-FA3241C4F69F}.Release|Any CPU.Build.0 = Release|Any CPU
	EndGlobalSection
	GlobalSection(SolutionProperties) = preSolution
		HideSolutionNode = FALSE
	EndGlobalSection
	GlobalSection(ExtensibilityGlobals) = postSolution
		SolutionGuid = {BBE2B337-4A57-407A-AB76-33B7EADCDEAC}
	EndGlobalSection
EndGlobal
